// !$*UTF8*$!
{
	archiveVersion = 1;
	classes = {
	};
	objectVersion = 46;
	objects = {

/* Begin PBXBuildFile section */
		C191ADF01E7A84E90035217B /* main.m in Sources */ = {isa = PBXBuildFile; fileRef = C191ADEF1E7A84E90035217B /* main.m */; };
		C191ADF31E7A84E90035217B /* AppDelegate.m in Sources */ = {isa = PBXBuildFile; fileRef = C191ADF21E7A84E90035217B /* AppDelegate.m */; };
		C191ADF61E7A84E90035217B /* ViewController.m in Sources */ = {isa = PBXBuildFile; fileRef = C191ADF51E7A84E90035217B /* ViewController.m */; };
		C191ADF91E7A84E90035217B /* Main.storyboard in Resources */ = {isa = PBXBuildFile; fileRef = C191ADF71E7A84E90035217B /* Main.storyboard */; };
		C191ADFC1E7A84E90035217B /* RSASecurity.xcdatamodeld in Sources */ = {isa = PBXBuildFile; fileRef = C191ADFA1E7A84E90035217B /* RSASecurity.xcdatamodeld */; };
		C191ADFE1E7A84EA0035217B /* Assets.xcassets in Resources */ = {isa = PBXBuildFile; fileRef = C191ADFD1E7A84EA0035217B /* Assets.xcassets */; };
		C191AE011E7A84EA0035217B /* LaunchScreen.storyboard in Resources */ = {isa = PBXBuildFile; fileRef = C191ADFF1E7A84EA0035217B /* LaunchScreen.storyboard */; };
		C191AE0A1E7A84FA0035217B /* RSASecurity.m in Sources */ = {isa = PBXBuildFile; fileRef = C191AE091E7A84FA0035217B /* RSASecurity.m */; };
/* End PBXBuildFile section */

/* Begin PBXFileReference section */
		C191ADEB1E7A84E90035217B /* RSASecurity.app */ = {isa = PBXFileReference; explicitFileType = wrapper.application; includeInIndex = 0; path = RSASecurity.app; sourceTree = BUILT_PRODUCTS_DIR; };
		C191ADEF1E7A84E90035217B /* main.m */ = {isa = PBXFileReference; lastKnownFileType = sourcecode.c.objc; path = main.m; sourceTree = "<group>"; };
		C191ADF11E7A84E90035217B /* AppDelegate.h */ = {isa = PBXFileReference; lastKnownFileType = sourcecode.c.h; path = AppDelegate.h; sourceTree = "<group>"; };
		C191ADF21E7A84E90035217B /* AppDelegate.m */ = {isa = PBXFileReference; lastKnownFileType = sourcecode.c.objc; path = AppDelegate.m; sourceTree = "<group>"; };
		C191ADF41E7A84E90035217B /* ViewController.h */ = {isa = PBXFileReference; lastKnownFileType = sourcecode.c.h; path = ViewController.h; sourceTree = "<group>"; };
		C191ADF51E7A84E90035217B /* ViewController.m */ = {isa = PBXFileReference; lastKnownFileType = sourcecode.c.objc; path = ViewController.m; sourceTree = "<group>"; };
		C191ADF81E7A84E90035217B /* Base */ = {isa = PBXFileReference; lastKnownFileType = file.storyboard; name = Base; path = Base.lproj/Main.storyboard; sourceTree = "<group>"; };
		C191ADFB1E7A84E90035217B /* RSASecurity.xcdatamodel */ = {isa = PBXFileReference; lastKnownFileType = wrapper.xcdatamodel; path = RSASecurity.xcdatamodel; sourceTree = "<group>"; };
		C191ADFD1E7A84EA0035217B /* Assets.xcassets */ = {isa = PBXFileReference; lastKnownFileType = folder.assetcatalog; path = Assets.xcassets; sourceTree = "<group>"; };
		C191AE001E7A84EA0035217B /* Base */ = {isa = PBXFileReference; lastKnownFileType = file.storyboard; name = Base; path = Base.lproj/LaunchScreen.storyboard; sourceTree = "<group>"; };
		C191AE021E7A84EA0035217B /* Info.plist */ = {isa = PBXFileReference; lastKnownFileType = text.plist.xml; path = Info.plist; sourceTree = "<group>"; };
		C191AE081E7A84FA0035217B /* RSASecurity.h */ = {isa = PBXFileReference; fileEncoding = 4; lastKnownFileType = sourcecode.c.h; path = RSASecurity.h; sourceTree = "<group>"; };
		C191AE091E7A84FA0035217B /* RSASecurity.m */ = {isa = PBXFileReference; fileEncoding = 4; lastKnownFileType = sourcecode.c.objc; path = RSASecurity.m; sourceTree = "<group>"; };
/* End PBXFileReference section */

/* Begin PBXFrameworksBuildPhase section */
		C191ADE81E7A84E90035217B /* Frameworks */ = {
			isa = PBXFrameworksBuildPhase;
			buildActionMask = 2147483647;
			files = (
			);
			runOnlyForDeploymentPostprocessing = 0;
		};
/* End PBXFrameworksBuildPhase section */

/* Begin PBXGroup section */
		C191ADE21E7A84E90035217B = {
			isa = PBXGroup;
			children = (
				C191ADED1E7A84E90035217B /* RSASecurity */,
				C191ADEC1E7A84E90035217B /* Products */,
			);
			sourceTree = "<group>";
		};
		C191ADEC1E7A84E90035217B /* Products */ = {
			isa = PBXGroup;
			children = (
				C191ADEB1E7A84E90035217B /* RSASecurity.app */,
			);
			name = Products;
			sourceTree = "<group>";
		};
		C191ADED1E7A84E90035217B /* RSASecurity */ = {
			isa = PBXGroup;
			children = (
				C191ADF11E7A84E90035217B /* AppDelegate.h */,
				C191ADF21E7A84E90035217B /* AppDelegate.m */,
				C191ADF41E7A84E90035217B /* ViewController.h */,
				C191ADF51E7A84E90035217B /* ViewController.m */,
				C191AE081E7A84FA0035217B /* RSASecurity.h */,
				C191AE091E7A84FA0035217B /* RSASecurity.m */,
				C191ADF71E7A84E90035217B /* Main.storyboard */,
				C191ADFD1E7A84EA0035217B /* Assets.xcassets */,
				C191ADFF1E7A84EA0035217B /* LaunchScreen.storyboard */,
				C191AE021E7A84EA0035217B /* Info.plist */,
				C191ADFA1E7A84E90035217B /* RSASecurity.xcdatamodeld */,
				C191ADEE1E7A84E90035217B /* Supporting Files */,
			);
			path = RSASecurity;
			sourceTree = "<group>";
		};
		C191ADEE1E7A84E90035217B /* Supporting Files */ = {
			isa = PBXGroup;
			children = (
				C191ADEF1E7A84E90035217B /* main.m */,
			);
			name = "Supporting Files";
			sourceTree = "<group>";
		};
/* End PBXGroup section */

/* Begin PBXNativeTarget section */
		C191ADEA1E7A84E90035217B /* RSASecurity */ = {
			isa = PBXNativeTarget;
			buildConfigurationList = C191AE051E7A84EA0035217B /* Build configuration list for PBXNativeTarget "RSASecurity" */;
			buildPhases = (
				C191ADE71E7A84E90035217B /* Sources */,
				C191ADE81E7A84E90035217B /* Frameworks */,
				C191ADE91E7A84E90035217B /* Resources */,
			);
			buildRules = (
			);
			dependencies = (
			);
			name = RSASecurity;
			productName = RSASecurity;
			productReference = C191ADEB1E7A84E90035217B /* RSASecurity.app */;
			productType = "com.apple.product-type.application";
		};
/* End PBXNativeTarget section */

/* Begin PBXProject section */
		C191ADE31E7A84E90035217B /* Project object */ = {
			isa = PBXProject;
			attributes = {
				LastUpgradeCheck = 0810;
				ORGANIZATIONNAME = qqqq;
				TargetAttributes = {
					C191ADEA1E7A84E90035217B = {
						CreatedOnToolsVersion = 8.1;
						ProvisioningStyle = Automatic;
					};
				};
			};
			buildConfigurationList = C191ADE61E7A84E90035217B /* Build configuration list for PBXProject "RSASecurity" */;
			compatibilityVersion = "Xcode 3.2";
			developmentRegion = English;
			hasScannedForEncodings = 0;
			knownRegions = (
				en,
				Base,
			);
			mainGroup = C191ADE21E7A84E90035217B;
			productRefGroup = C191ADEC1E7A84E90035217B /* Products */;
			projectDirPath = "";
			projectRoot = "";
			targets = (
				C191ADEA1E7A84E90035217B /* RSASecurity */,
			);
		};
/* End PBXProject section */

/* Begin PBXResourcesBuildPhase section */
		C191ADE91E7A84E90035217B /* Resources */ = {
			isa = PBXResourcesBuildPhase;
			buildActionMask = 2147483647;
			files = (
				C191AE011E7A84EA0035217B /* LaunchScreen.storyboard in Resources */,
				C191ADFE1E7A84EA0035217B /* Assets.xcassets in Resources */,
				C191ADF91E7A84E90035217B /* Main.storyboard in Resources */,
			);
			runOnlyForDeploymentPostprocessing = 0;
		};
/* End PBXResourcesBuildPhase section */

/* Begin PBXSourcesBuildPhase section */
		C191ADE71E7A84E90035217B /* Sources */ = {
			isa = PBXSourcesBuildPhase;
			buildActionMask = 2147483647;
			files = (
				C191ADF61E7A84E90035217B /* ViewController.m in Sources */,
				C191ADF31E7A84E90035217B /* AppDelegate.m in Sources */,
				C191AE0A1E7A84FA0035217B /* RSASecurity.m in Sources */,
				C191ADFC1E7A84E90035217B /* RSASecurity.xcdatamodeld in Sources */,
				C191ADF01E7A84E90035217B /* main.m in Sources */,
			);
			runOnlyForDeploymentPostprocessing = 0;
		};
/* End PBXSourcesBuildPhase section */

/* Begin PBXVariantGroup section */
		C191ADF71E7A84E90035217B /* Main.storyboard */ = {
			isa = PBXVariantGroup;
			children = (
				C191ADF81E7A84E90035217B /* Base */,
			);
			name = Main.storyboard;
			sourceTree = "<group>";
		};
		C191ADFF1E7A84EA0035217B /* LaunchScreen.storyboard */ = {
			isa = PBXVariantGroup;
			children = (
				C191AE001E7A84EA0035217B /* Base */,
			);
			name = LaunchScreen.storyboard;
			sourceTree = "<group>";
		};
/* End PBXVariantGroup section */

/* Begin XCBuildConfiguration section */
		C191AE031E7A84EA0035217B /* Debug */ = {
			isa = XCBuildConfiguration;
			buildSettings = {
				ALWAYS_SEARCH_USER_PATHS = NO;
				CLANG_ANALYZER_NONNULL = YES;
				CLANG_CXX_LANGUAGE_STANDARD = "gnu++0x";
				CLANG_CXX_LIBRARY = "libc++";
				CLANG_ENABLE_MODULES = YES;
				CLANG_ENABLE_OBJC_ARC = YES;
				CLANG_WARN_BOOL_CONVERSION = YES;
				CLANG_WARN_CONSTANT_CONVERSION = YES;
				CLANG_WARN_DIRECT_OBJC_ISA_USAGE = YES_ERROR;
				CLANG_WARN_DOCUMENTATION_COMMENTS = YES;
				CLANG_WARN_EMPTY_BODY = YES;
				CLANG_WARN_ENUM_CONVERSION = YES;
				CLANG_WARN_INFINITE_RECURSION = YES;
				CLANG_WARN_INT_CONVERSION = YES;
				CLANG_WARN_OBJC_ROOT_CLASS = YES_ERROR;
				CLANG_WARN_SUSPICIOUS_MOVES = YES;
				CLANG_WARN_UNREACHABLE_CODE = YES;
				CLANG_WARN__DUPLICATE_METHOD_MATCH = YES;
				"CODE_SIGN_IDENTITY[sdk=iphoneos*]" = "iPhone Developer";
				COPY_PHASE_STRIP = NO;
				DEBUG_INFORMATION_FORMAT = dwarf;
				ENABLE_STRICT_OBJC_MSGSEND = YES;
				ENABLE_TESTABILITY = YES;
				GCC_C_LANGUAGE_STANDARD = gnu99;
				GCC_DYNAMIC_NO_PIC = NO;
				GCC_NO_COMMON_BLOCKS = YES;
				GCC_OPTIMIZATION_LEVEL = 0;
				GCC_PREPROCESSOR_DEFINITIONS = (
					"DEBUG=1",
					"$(inherited)",
				);
				GCC_WARN_64_TO_32_BIT_CONVERSION = YES;
				GCC_WARN_ABOUT_RETURN_TYPE = YES_ERROR;
				GCC_WARN_UNDECLARED_SELECTOR = YES;
				GCC_WARN_UNINITIALIZED_AUTOS = YES_AGGRESSIVE;
				GCC_WARN_UNUSED_FUNCTION = YES;
				GCC_WARN_UNUSED_VARIABLE = YES;
				IPHONEOS_DEPLOYMENT_TARGET = 10.1;
				MTL_ENABLE_DEBUG_INFO = YES;
				ONLY_ACTIVE_ARCH = YES;
				SDKROOT = iphoneos;
			};
			name = Debug;
		};
		C191AE041E7A84EA0035217B /* Release */ = {
			isa = XCBuildConfiguration;
			buildSettings = {
				ALWAYS_SEARCH_USER_PATHS = NO;
				CLANG_ANALYZER_NONNULL = YES;
				CLANG_CXX_LANGUAGE_STANDARD = "gnu++0x";
				CLANG_CXX_LIBRARY = "libc++";
				CLANG_ENABLE_MODULES = YES;
				CLANG_ENABLE_OBJC_ARC = YES;
				CLANG_WARN_BOOL_CONVERSION = YES;
				CLANG_WARN_CONSTANT_CONVERSION = YES;
				CLANG_WARN_DIRECT_OBJC_ISA_USAGE = YES_ERROR;
				CLANG_WARN_DOCUMENTATION_COMMENTS = YES;
				CLANG_WARN_EMPTY_BODY = YES;
				CLANG_WARN_ENUM_CONVERSION = YES;
				CLANG_WARN_INFINITE_RECURSION = YES;
				CLANG_WARN_INT_CONVERSION = YES;
				CLANG_WARN_OBJC_ROOT_CLASS = YES_ERROR;
				CLANG_WARN_SUSPICIOUS_MOVES = YES;
				CLANG_WARN_UNREACHABLE_CODE = YES;
				CLANG_WARN__DUPLICATE_METHOD_MATCH = YES;
				"CODE_SIGN_IDENTITY[sdk=iphoneos*]" = "iPhone Developer";
				COPY_PHASE_STRIP = NO;
				DEBUG_INFORMATION_FORMAT = "dwarf-with-dsym";
				ENABLE_NS_ASSERTIONS = NO;
				ENABLE_STRICT_OBJC_MSGSEND = YES;
				GCC_C_LANGUAGE_STANDARD = gnu99;
				GCC_NO_COMMON_BLOCKS = YES;
				GCC_WARN_64_TO_32_BIT_CONVERSION = YES;
				GCC_WARN_ABOUT_RETURN_TYPE = YES_ERROR;
				GCC_WARN_UNDECLARED_SELECTOR = YES;
				GCC_WARN_UNINITIALIZED_AUTOS = YES_AGGRESSIVE;
				GCC_WARN_UNUSED_FUNCTION = YES;
				GCC_WARN_UNUSED_VARIABLE = YES;
				IPHONEOS_DEPLOYMENT_TARGET = 10.1;
				MTL_ENABLE_DEBUG_INFO = NO;
				SDKROOT = iphoneos;
				VALIDATE_PRODUCT = YES;
			};
			name = Release;
		};
		C191AE061E7A84EA0035217B /* Debug */ = {
			isa = XCBuildConfiguration;
			buildSettings = {
				ASSETCATALOG_COMPILER_APPICON_NAME = AppIcon;
				INFOPLIST_FILE = RSASecurity/Info.plist;
				LD_RUNPATH_SEARCH_PATHS = "$(inherited) @executable_path/Frameworks";
				PRODUCT_BUNDLE_IDENTIFIER = yangyong.RSASecurity;
				PRODUCT_NAME = "$(TARGET_NAME)";
			};
			name = Debug;
		};
		C191AE071E7A84EA0035217B /* Release */ = {
			isa = XCBuildConfiguration;
			buildSettings = {
				ASSETCATALOG_COMPILER_APPICON_NAME = AppIcon;
				INFOPLIST_FILE = RSASecurity/Info.plist;
				LD_RUNPATH_SEARCH_PATHS = "$(inherited) @executable_path/Frameworks";
				PRODUCT_BUNDLE_IDENTIFIER = yangyong.RSASecurity;
				PRODUCT_NAME = "$(TARGET_NAME)";
			};
			name = Release;
		};
/* End XCBuildConfiguration section */

/* Begin XCConfigurationList section */
		C191ADE61E7A84E90035217B /* Build configuration list for PBXProject "RSASecurity" */ = {
			isa = XCConfigurationList;
			buildConfigurations = (
				C191AE031E7A84EA0035217B /* Debug */,
				C191AE041E7A84EA0035217B /* Release */,
			);
			defaultConfigurationIsVisible = 0;
			defaultConfigurationName = Release;
		};
		C191AE051E7A84EA0035217B /* Build configuration list for PBXNativeTarget "RSASecurity" */ = {
			isa = XCConfigurationList;
			buildConfigurations = (
				C191AE061E7A84EA0035217B /* Debug */,
				C191AE071E7A84EA0035217B /* Release */,
			);
			defaultConfigurationIsVisible = 0;
		};
/* End XCConfigurationList section */

/* Begin XCVersionGroup section */
		C191ADFA1E7A84E90035217B /* RSASecurity.xcdatamodeld */ = {
			isa = XCVersionGroup;
			children = (
				C191ADFB1E7A84E90035217B /* RSASecurity.xcdatamodel */,
			);
			currentVersion = C191ADFB1E7A84E90035217B /* RSASecurity.xcdatamodel */;
			path = RSASecurity.xcdatamodeld;
			sourceTree = "<group>";
			versionGroupType = wrapper.xcdatamodel;
		};
/* End XCVersionGroup section */
	};
	rootObject = C191ADE31E7A84E90035217B /* Project object */;
}
